// !$*UTF8*$!
{
	archiveVersion = 1;
	classes = {
	};
	objectVersion = 56;
	objects = {

/* Begin PBXBuildFile section */
		413A782E2BAF001700468BA2 /* CurrentWeatherCell.swift in Sources */ = {isa = PBXBuildFile; fileRef = 413A782D2BAF001700468BA2 /* CurrentWeatherCell.swift */; };
		413A78302BAF030B00468BA2 /* ShortWeatherCell.swift in Sources */ = {isa = PBXBuildFile; fileRef = 413A782F2BAF030B00468BA2 /* ShortWeatherCell.swift */; };
		413A78332BAF7F9B00468BA2 /* NetworkClient.swift in Sources */ = {isa = PBXBuildFile; fileRef = 413A78322BAF7F9B00468BA2 /* NetworkClient.swift */; };
		413A78382BAF81C200468BA2 /* WeatherInfoService.swift in Sources */ = {isa = PBXBuildFile; fileRef = 413A78372BAF81C200468BA2 /* WeatherInfoService.swift */; };
		413A783C2BAF82A800468BA2 /* CurrentWeatherModel.swift in Sources */ = {isa = PBXBuildFile; fileRef = 413A783B2BAF82A800468BA2 /* CurrentWeatherModel.swift */; };
		413A783E2BAF82B800468BA2 /* ShortWeatherModel.swift in Sources */ = {isa = PBXBuildFile; fileRef = 413A783D2BAF82B800468BA2 /* ShortWeatherModel.swift */; };
		413A78402BAF83E900468BA2 /* WeatherResult.swift in Sources */ = {isa = PBXBuildFile; fileRef = 413A783F2BAF83E900468BA2 /* WeatherResult.swift */; };
		413A78422BB0064200468BA2 /* WeatherStorage.swift in Sources */ = {isa = PBXBuildFile; fileRef = 413A78412BB0064200468BA2 /* WeatherStorage.swift */; };
		413A78442BB01FA800468BA2 /* WeatherCodeModel.swift in Sources */ = {isa = PBXBuildFile; fileRef = 413A78432BB01FA800468BA2 /* WeatherCodeModel.swift */; };
		41AAD2E62BAB61B300A1D2E1 /* AppDelegate.swift in Sources */ = {isa = PBXBuildFile; fileRef = 41AAD2E52BAB61B300A1D2E1 /* AppDelegate.swift */; };
		41AAD2EA2BAB61B300A1D2E1 /* ViewController.swift in Sources */ = {isa = PBXBuildFile; fileRef = 41AAD2E92BAB61B300A1D2E1 /* ViewController.swift */; };
		41AAD2EF2BAB61B700A1D2E1 /* Assets.xcassets in Resources */ = {isa = PBXBuildFile; fileRef = 41AAD2EE2BAB61B700A1D2E1 /* Assets.xcassets */; };
		41AAD2F22BAB61B700A1D2E1 /* Base in Resources */ = {isa = PBXBuildFile; fileRef = 41AAD2F12BAB61B700A1D2E1 /* Base */; };
/* End PBXBuildFile section */

/* Begin PBXFileReference section */
		413A782D2BAF001700468BA2 /* CurrentWeatherCell.swift */ = {isa = PBXFileReference; lastKnownFileType = sourcecode.swift; path = CurrentWeatherCell.swift; sourceTree = "<group>"; };
		413A782F2BAF030B00468BA2 /* ShortWeatherCell.swift */ = {isa = PBXFileReference; lastKnownFileType = sourcecode.swift; path = ShortWeatherCell.swift; sourceTree = "<group>"; };
		413A78322BAF7F9B00468BA2 /* NetworkClient.swift */ = {isa = PBXFileReference; lastKnownFileType = sourcecode.swift; path = NetworkClient.swift; sourceTree = "<group>"; };
		413A78372BAF81C200468BA2 /* WeatherInfoService.swift */ = {isa = PBXFileReference; lastKnownFileType = sourcecode.swift; path = WeatherInfoService.swift; sourceTree = "<group>"; };
		413A783B2BAF82A800468BA2 /* CurrentWeatherModel.swift */ = {isa = PBXFileReference; lastKnownFileType = sourcecode.swift; path = CurrentWeatherModel.swift; sourceTree = "<group>"; };
		413A783D2BAF82B800468BA2 /* ShortWeatherModel.swift */ = {isa = PBXFileReference; lastKnownFileType = sourcecode.swift; path = ShortWeatherModel.swift; sourceTree = "<group>"; };
		413A783F2BAF83E900468BA2 /* WeatherResult.swift */ = {isa = PBXFileReference; lastKnownFileType = sourcecode.swift; path = WeatherResult.swift; sourceTree = "<group>"; };
		413A78412BB0064200468BA2 /* WeatherStorage.swift */ = {isa = PBXFileReference; lastKnownFileType = sourcecode.swift; path = WeatherStorage.swift; sourceTree = "<group>"; };
		413A78432BB01FA800468BA2 /* WeatherCodeModel.swift */ = {isa = PBXFileReference; lastKnownFileType = sourcecode.swift; path = WeatherCodeModel.swift; sourceTree = "<group>"; };
		41AAD2E22BAB61B300A1D2E1 /* Weather.app */ = {isa = PBXFileReference; explicitFileType = wrapper.application; includeInIndex = 0; path = Weather.app; sourceTree = BUILT_PRODUCTS_DIR; };
		41AAD2E52BAB61B300A1D2E1 /* AppDelegate.swift */ = {isa = PBXFileReference; lastKnownFileType = sourcecode.swift; path = AppDelegate.swift; sourceTree = "<group>"; };
		41AAD2E92BAB61B300A1D2E1 /* ViewController.swift */ = {isa = PBXFileReference; lastKnownFileType = sourcecode.swift; path = ViewController.swift; sourceTree = "<group>"; };
		41AAD2EE2BAB61B700A1D2E1 /* Assets.xcassets */ = {isa = PBXFileReference; lastKnownFileType = folder.assetcatalog; path = Assets.xcassets; sourceTree = "<group>"; };
		41AAD2F12BAB61B700A1D2E1 /* Base */ = {isa = PBXFileReference; lastKnownFileType = file.storyboard; name = Base; path = Base.lproj/LaunchScreen.storyboard; sourceTree = "<group>"; };
		41AAD2F32BAB61B700A1D2E1 /* Info.plist */ = {isa = PBXFileReference; lastKnownFileType = text.plist.xml; path = Info.plist; sourceTree = "<group>"; };
/* End PBXFileReference section */

/* Begin PBXFrameworksBuildPhase section */
		41AAD2DF2BAB61B300A1D2E1 /* Frameworks */ = {
			isa = PBXFrameworksBuildPhase;
			buildActionMask = 2147483647;
			files = (
			);
			runOnlyForDeploymentPostprocessing = 0;
		};
/* End PBXFrameworksBuildPhase section */

/* Begin PBXGroup section */
		413A78312BAF7F8600468BA2 /* Services */ = {
			isa = PBXGroup;
			children = (
				413A78322BAF7F9B00468BA2 /* NetworkClient.swift */,
				413A78372BAF81C200468BA2 /* WeatherInfoService.swift */,
				413A78412BB0064200468BA2 /* WeatherStorage.swift */,
			);
			path = Services;
			sourceTree = "<group>";
		};
		413A783A2BAF828C00468BA2 /* Models */ = {
			isa = PBXGroup;
			children = (
				413A783B2BAF82A800468BA2 /* CurrentWeatherModel.swift */,
				413A783D2BAF82B800468BA2 /* ShortWeatherModel.swift */,
				413A783F2BAF83E900468BA2 /* WeatherResult.swift */,
				413A78432BB01FA800468BA2 /* WeatherCodeModel.swift */,
			);
			path = Models;
			sourceTree = "<group>";
		};
		41AAD2D92BAB61B300A1D2E1 = {
			isa = PBXGroup;
			children = (
				41AAD2E42BAB61B300A1D2E1 /* Weather */,
				41AAD2E32BAB61B300A1D2E1 /* Products */,
			);
			sourceTree = "<group>";
		};
		41AAD2E32BAB61B300A1D2E1 /* Products */ = {
			isa = PBXGroup;
			children = (
				41AAD2E22BAB61B300A1D2E1 /* Weather.app */,
			);
			name = Products;
			sourceTree = "<group>";
		};
		41AAD2E42BAB61B300A1D2E1 /* Weather */ = {
			isa = PBXGroup;
			children = (
				413A783A2BAF828C00468BA2 /* Models */,
				413A78312BAF7F8600468BA2 /* Services */,
				41AAD2E52BAB61B300A1D2E1 /* AppDelegate.swift */,
				41AAD2E92BAB61B300A1D2E1 /* ViewController.swift */,
				41AAD2EE2BAB61B700A1D2E1 /* Assets.xcassets */,
				41AAD2F02BAB61B700A1D2E1 /* LaunchScreen.storyboard */,
				41AAD2F32BAB61B700A1D2E1 /* Info.plist */,
				413A782D2BAF001700468BA2 /* CurrentWeatherCell.swift */,
				413A782F2BAF030B00468BA2 /* ShortWeatherCell.swift */,
			);
			path = Weather;
			sourceTree = "<group>";
		};
/* End PBXGroup section */

/* Begin PBXNativeTarget section */
		41AAD2E12BAB61B300A1D2E1 /* Weather */ = {
			isa = PBXNativeTarget;
			buildConfigurationList = 41AAD2F62BAB61B700A1D2E1 /* Build configuration list for PBXNativeTarget "Weather" */;
			buildPhases = (
				41AAD2DE2BAB61B300A1D2E1 /* Sources */,
				41AAD2DF2BAB61B300A1D2E1 /* Frameworks */,
				41AAD2E02BAB61B300A1D2E1 /* Resources */,
				413A78452BB04CD500468BA2 /* ShellScript */,
			);
			buildRules = (
			);
			dependencies = (
			);
			name = Weather;
			productName = Weather;
			productReference = 41AAD2E22BAB61B300A1D2E1 /* Weather.app */;
			productType = "com.apple.product-type.application";
		};
/* End PBXNativeTarget section */

/* Begin PBXProject section */
		41AAD2DA2BAB61B300A1D2E1 /* Project object */ = {
			isa = PBXProject;
			attributes = {
				BuildIndependentTargetsInParallel = 1;
				LastSwiftUpdateCheck = 1530;
				LastUpgradeCheck = 1530;
				TargetAttributes = {
					41AAD2E12BAB61B300A1D2E1 = {
						CreatedOnToolsVersion = 15.3;
					};
				};
			};
			buildConfigurationList = 41AAD2DD2BAB61B300A1D2E1 /* Build configuration list for PBXProject "Weather" */;
			compatibilityVersion = "Xcode 14.0";
			developmentRegion = en;
			hasScannedForEncodings = 0;
			knownRegions = (
				en,
				Base,
			);
			mainGroup = 41AAD2D92BAB61B300A1D2E1;
			productRefGroup = 41AAD2E32BAB61B300A1D2E1 /* Products */;
			projectDirPath = "";
			projectRoot = "";
			targets = (
				41AAD2E12BAB61B300A1D2E1 /* Weather */,
			);
		};
/* End PBXProject section */

/* Begin PBXResourcesBuildPhase section */
		41AAD2E02BAB61B300A1D2E1 /* Resources */ = {
			isa = PBXResourcesBuildPhase;
			buildActionMask = 2147483647;
			files = (
				41AAD2EF2BAB61B700A1D2E1 /* Assets.xcassets in Resources */,
				41AAD2F22BAB61B700A1D2E1 /* Base in Resources */,
			);
			runOnlyForDeploymentPostprocessing = 0;
		};
/* End PBXResourcesBuildPhase section */

/* Begin PBXShellScriptBuildPhase section */
		413A78452BB04CD500468BA2 /* ShellScript */ = {
			isa = PBXShellScriptBuildPhase;
			alwaysOutOfDate = 1;
			buildActionMask = 2147483647;
			files = (
			);
			inputFileListPaths = (
			);
			inputPaths = (
			);
			outputFileListPaths = (
			);
			outputPaths = (
			);
			runOnlyForDeploymentPostprocessing = 0;
			shellPath = /bin/sh;
			shellScript = "export PATH=\"/opt/homebrew/bin:$PATH\"\n\nif which swiftlint > /dev/null; then\n  swiftlint\nelse\n  echo \"warning: SwiftLint not installed, download from https://github.com/realm/SwiftLint\"\nfi\n";
		};
/* End PBXShellScriptBuildPhase section */

/* Begin PBXSourcesBuildPhase section */
		41AAD2DE2BAB61B300A1D2E1 /* Sources */ = {
			isa = PBXSourcesBuildPhase;
			buildActionMask = 2147483647;
			files = (
				413A783E2BAF82B800468BA2 /* ShortWeatherModel.swift in Sources */,
				413A783C2BAF82A800468BA2 /* CurrentWeatherModel.swift in Sources */,
				41AAD2EA2BAB61B300A1D2E1 /* ViewController.swift in Sources */,
				413A78382BAF81C200468BA2 /* WeatherInfoService.swift in Sources */,
				413A78332BAF7F9B00468BA2 /* NetworkClient.swift in Sources */,
				413A78402BAF83E900468BA2 /* WeatherResult.swift in Sources */,
				41AAD2E62BAB61B300A1D2E1 /* AppDelegate.swift in Sources */,
				413A782E2BAF001700468BA2 /* CurrentWeatherCell.swift in Sources */,
				413A78302BAF030B00468BA2 /* ShortWeatherCell.swift in Sources */,
				413A78422BB0064200468BA2 /* WeatherStorage.swift in Sources */,
				413A78442BB01FA800468BA2 /* WeatherCodeModel.swift in Sources */,
			);
			runOnlyForDeploymentPostprocessing = 0;
		};
/* End PBXSourcesBuildPhase section */

/* Begin PBXVariantGroup section */
		41AAD2F02BAB61B700A1D2E1 /* LaunchScreen.storyboard */ = {
			isa = PBXVariantGroup;
			children = (
				41AAD2F12BAB61B700A1D2E1 /* Base */,
			);
			name = LaunchScreen.storyboard;
			sourceTree = "<group>";
		};
/* End PBXVariantGroup section */

/* Begin XCBuildConfiguration section */
		41AAD2F42BAB61B700A1D2E1 /* Debug */ = {
			isa = XCBuildConfiguration;
			buildSettings = {
				ALWAYS_SEARCH_USER_PATHS = NO;
				ASSETCATALOG_COMPILER_GENERATE_SWIFT_ASSET_SYMBOL_EXTENSIONS = YES;
				CLANG_ANALYZER_NONNULL = YES;
				CLANG_ANALYZER_NUMBER_OBJECT_CONVERSION = YES_AGGRESSIVE;
				CLANG_CXX_LANGUAGE_STANDARD = "gnu++20";
				CLANG_ENABLE_MODULES = YES;
				CLANG_ENABLE_OBJC_ARC = YES;
				CLANG_ENABLE_OBJC_WEAK = YES;
				CLANG_WARN_BLOCK_CAPTURE_AUTORELEASING = YES;
				CLANG_WARN_BOOL_CONVERSION = YES;
				CLANG_WARN_COMMA = YES;
				CLANG_WARN_CONSTANT_CONVERSION = YES;
				CLANG_WARN_DEPRECATED_OBJC_IMPLEMENTATIONS = YES;
				CLANG_WARN_DIRECT_OBJC_ISA_USAGE = YES_ERROR;
				CLANG_WARN_DOCUMENTATION_COMMENTS = YES;
				CLANG_WARN_EMPTY_BODY = YES;
				CLANG_WARN_ENUM_CONVERSION = YES;
				CLANG_WARN_INFINITE_RECURSION = YES;
				CLANG_WARN_INT_CONVERSION = YES;
				CLANG_WARN_NON_LITERAL_NULL_CONVERSION = YES;
				CLANG_WARN_OBJC_IMPLICIT_RETAIN_SELF = YES;
				CLANG_WARN_OBJC_LITERAL_CONVERSION = YES;
				CLANG_WARN_OBJC_ROOT_CLASS = YES_ERROR;
				CLANG_WARN_QUOTED_INCLUDE_IN_FRAMEWORK_HEADER = YES;
				CLANG_WARN_RANGE_LOOP_ANALYSIS = YES;
				CLANG_WARN_STRICT_PROTOTYPES = YES;
				CLANG_WARN_SUSPICIOUS_MOVE = YES;
				CLANG_WARN_UNGUARDED_AVAILABILITY = YES_AGGRESSIVE;
				CLANG_WARN_UNREACHABLE_CODE = YES;
				CLANG_WARN__DUPLICATE_METHOD_MATCH = YES;
				COPY_PHASE_STRIP = NO;
				DEBUG_INFORMATION_FORMAT = dwarf;
				ENABLE_STRICT_OBJC_MSGSEND = YES;
				ENABLE_TESTABILITY = YES;
				ENABLE_USER_SCRIPT_SANDBOXING = NO;
				GCC_C_LANGUAGE_STANDARD = gnu17;
				GCC_DYNAMIC_NO_PIC = NO;
				GCC_NO_COMMON_BLOCKS = YES;
				GCC_OPTIMIZATION_LEVEL = 0;
				GCC_PREPROCESSOR_DEFINITIONS = (
					"DEBUG=1",
					"$(inherited)",
				);
				GCC_WARN_64_TO_32_BIT_CONVERSION = YES;
				GCC_WARN_ABOUT_RETURN_TYPE = YES_ERROR;
				GCC_WARN_UNDECLARED_SELECTOR = YES;
				GCC_WARN_UNINITIALIZED_AUTOS = YES_AGGRESSIVE;
				GCC_WARN_UNUSED_FUNCTION = YES;
				GCC_WARN_UNUSED_VARIABLE = YES;
				IPHONEOS_DEPLOYMENT_TARGET = 16.0;
				LOCALIZATION_PREFERS_STRING_CATALOGS = YES;
				MTL_ENABLE_DEBUG_INFO = INCLUDE_SOURCE;
				MTL_FAST_MATH = YES;
				ONLY_ACTIVE_ARCH = YES;
				SDKROOT = iphoneos;
				SWIFT_ACTIVE_COMPILATION_CONDITIONS = "DEBUG $(inherited)";
				SWIFT_OPTIMIZATION_LEVEL = "-Onone";
			};
			name = Debug;
		};
		41AAD2F52BAB61B700A1D2E1 /* Release */ = {
			isa = XCBuildConfiguration;
			buildSettings = {
				ALWAYS_SEARCH_USER_PATHS = NO;
				ASSETCATALOG_COMPILER_GENERATE_SWIFT_ASSET_SYMBOL_EXTENSIONS = YES;
				CLANG_ANALYZER_NONNULL = YES;
				CLANG_ANALYZER_NUMBER_OBJECT_CONVERSION = YES_AGGRESSIVE;
				CLANG_CXX_LANGUAGE_STANDARD = "gnu++20";
				CLANG_ENABLE_MODULES = YES;
				CLANG_ENABLE_OBJC_ARC = YES;
				CLANG_ENABLE_OBJC_WEAK = YES;
				CLANG_WARN_BLOCK_CAPTURE_AUTORELEASING = YES;
				CLANG_WARN_BOOL_CONVERSION = YES;
				CLANG_WARN_COMMA = YES;
				CLANG_WARN_CONSTANT_CONVERSION = YES;
				CLANG_WARN_DEPRECATED_OBJC_IMPLEMENTATIONS = YES;
				CLANG_WARN_DIRECT_OBJC_ISA_USAGE = YES_ERROR;
				CLANG_WARN_DOCUMENTATION_COMMENTS = YES;
				CLANG_WARN_EMPTY_BODY = YES;
				CLANG_WARN_ENUM_CONVERSION = YES;
				CLANG_WARN_INFINITE_RECURSION = YES;
				CLANG_WARN_INT_CONVERSION = YES;
				CLANG_WARN_NON_LITERAL_NULL_CONVERSION = YES;
				CLANG_WARN_OBJC_IMPLICIT_RETAIN_SELF = YES;
				CLANG_WARN_OBJC_LITERAL_CONVERSION = YES;
				CLANG_WARN_OBJC_ROOT_CLASS = YES_ERROR;
				CLANG_WARN_QUOTED_INCLUDE_IN_FRAMEWORK_HEADER = YES;
				CLANG_WARN_RANGE_LOOP_ANALYSIS = YES;
				CLANG_WARN_STRICT_PROTOTYPES = YES;
				CLANG_WARN_SUSPICIOUS_MOVE = YES;
				CLANG_WARN_UNGUARDED_AVAILABILITY = YES_AGGRESSIVE;
				CLANG_WARN_UNREACHABLE_CODE = YES;
				CLANG_WARN__DUPLICATE_METHOD_MATCH = YES;
				COPY_PHASE_STRIP = NO;
				DEBUG_INFORMATION_FORMAT = "dwarf-with-dsym";
				ENABLE_NS_ASSERTIONS = NO;
				ENABLE_STRICT_OBJC_MSGSEND = YES;
				ENABLE_USER_SCRIPT_SANDBOXING = NO;
				GCC_C_LANGUAGE_STANDARD = gnu17;
				GCC_NO_COMMON_BLOCKS = YES;
				GCC_WARN_64_TO_32_BIT_CONVERSION = YES;
				GCC_WARN_ABOUT_RETURN_TYPE = YES_ERROR;
				GCC_WARN_UNDECLARED_SELECTOR = YES;
				GCC_WARN_UNINITIALIZED_AUTOS = YES_AGGRESSIVE;
				GCC_WARN_UNUSED_FUNCTION = YES;
				GCC_WARN_UNUSED_VARIABLE = YES;
				IPHONEOS_DEPLOYMENT_TARGET = 16.0;
				LOCALIZATION_PREFERS_STRING_CATALOGS = YES;
				MTL_ENABLE_DEBUG_INFO = NO;
				MTL_FAST_MATH = YES;
				SDKROOT = iphoneos;
				SWIFT_COMPILATION_MODE = wholemodule;
				VALIDATE_PRODUCT = YES;
			};
			name = Release;
		};
		41AAD2F72BAB61B700A1D2E1 /* Debug */ = {
			isa = XCBuildConfiguration;
			buildSettings = {
				ASSETCATALOG_COMPILER_APPICON_NAME = AppIcon;
				ASSETCATALOG_COMPILER_GLOBAL_ACCENT_COLOR_NAME = AccentColor;
				CODE_SIGN_STYLE = Automatic;
				CURRENT_PROJECT_VERSION = 1;
				DEVELOPMENT_TEAM = CQNTWDSGK9;
				GENERATE_INFOPLIST_FILE = YES;
				INFOPLIST_FILE = Weather/Info.plist;
				INFOPLIST_KEY_UIApplicationSupportsIndirectInputEvents = YES;
				INFOPLIST_KEY_UILaunchStoryboardName = LaunchScreen;
				INFOPLIST_KEY_UISupportedInterfaceOrientations = UIInterfaceOrientationPortrait;
				IPHONEOS_DEPLOYMENT_TARGET = 16.0;
				LD_RUNPATH_SEARCH_PATHS = (
					"$(inherited)",
					"@executable_path/Frameworks",
				);
				MARKETING_VERSION = 1.0;
				PRODUCT_BUNDLE_IDENTIFIER = com.wonsarc.Weather;
				PRODUCT_NAME = "$(TARGET_NAME)";
				SUPPORTED_PLATFORMS = "iphoneos iphonesimulator";
				SUPPORTS_MACCATALYST = NO;
				SUPPORTS_MAC_DESIGNED_FOR_IPHONE_IPAD = NO;
				SUPPORTS_XR_DESIGNED_FOR_IPHONE_IPAD = NO;
				SWIFT_EMIT_LOC_STRINGS = YES;
				SWIFT_VERSION = 5.0;
				TARGETED_DEVICE_FAMILY = 1;
			};
			name = Debug;
		};
		41AAD2F82BAB61B700A1D2E1 /* Release */ = {
			isa = XCBuildConfiguration;
			buildSettings = {
				ASSETCATALOG_COMPILER_APPICON_NAME = AppIcon;
				ASSETCATALOG_COMPILER_GLOBAL_ACCENT_COLOR_NAME = AccentColor;
				CODE_SIGN_STYLE = Automatic;
				CURRENT_PROJECT_VERSION = 1;
				DEVELOPMENT_TEAM = CQNTWDSGK9;
				GENERATE_INFOPLIST_FILE = YES;
				INFOPLIST_FILE = Weather/Info.plist;
				INFOPLIST_KEY_UIApplicationSupportsIndirectInputEvents = YES;
				INFOPLIST_KEY_UILaunchStoryboardName = LaunchScreen;
				INFOPLIST_KEY_UISupportedInterfaceOrientations = UIInterfaceOrientationPortrait;
				IPHONEOS_DEPLOYMENT_TARGET = 16.0;
				LD_RUNPATH_SEARCH_PATHS = (
					"$(inherited)",
					"@executable_path/Frameworks",
				);
				MARKETING_VERSION = 1.0;
				PRODUCT_BUNDLE_IDENTIFIER = com.wonsarc.Weather;
				PRODUCT_NAME = "$(TARGET_NAME)";
				SUPPORTED_PLATFORMS = "iphoneos iphonesimulator";
				SUPPORTS_MACCATALYST = NO;
				SUPPORTS_MAC_DESIGNED_FOR_IPHONE_IPAD = NO;
				SUPPORTS_XR_DESIGNED_FOR_IPHONE_IPAD = NO;
				SWIFT_EMIT_LOC_STRINGS = YES;
				SWIFT_VERSION = 5.0;
				TARGETED_DEVICE_FAMILY = 1;
			};
			name = Release;
		};
/* End XCBuildConfiguration section */

/* Begin XCConfigurationList section */
		41AAD2DD2BAB61B300A1D2E1 /* Build configuration list for PBXProject "Weather" */ = {
			isa = XCConfigurationList;
			buildConfigurations = (
				41AAD2F42BAB61B700A1D2E1 /* Debug */,
				41AAD2F52BAB61B700A1D2E1 /* Release */,
			);
			defaultConfigurationIsVisible = 0;
			defaultConfigurationName = Release;
		};
		41AAD2F62BAB61B700A1D2E1 /* Build configuration list for PBXNativeTarget "Weather" */ = {
			isa = XCConfigurationList;
			buildConfigurations = (
				41AAD2F72BAB61B700A1D2E1 /* Debug */,
				41AAD2F82BAB61B700A1D2E1 /* Release */,
			);
			defaultConfigurationIsVisible = 0;
			defaultConfigurationName = Release;
		};
/* End XCConfigurationList section */
	};
	rootObject = 41AAD2DA2BAB61B300A1D2E1 /* Project object */;
}
